
Microsoft Visual Studio Solution File, Format Version 12.00
# Visual Studio Version 16
VisualStudioVersion = 16.0.32106.194
MinimumVisualStudioVersion = 10.0.40219.1
Project("{FAE04EC0-301F-11D3-BF4B-00C04F79EFBC}") = "Functions", "Functions\Functions.csproj", "{617DCAB9-2908-4BA8-8910-E98B96E7C84C}"
EndProject
Project("{FAE04EC0-301F-11D3-BF4B-00C04F79EFBC}") = "UserNameData", "UserNameData\UserNameData.csproj", "{564C0950-F1CB-443E-9730-965D5D8BA02D}"
EndProject
Project("{FAE04EC0-301F-11D3-BF4B-00C04F79EFBC}") = "UserNameDataTask", "ConsoleApp1\UserNameDataTask.csproj", "{08580A85-EE40-4B1A-8545-48899603171C}"
EndProject
Global
	GlobalSection(SolutionConfigurationPlatforms) = preSolution
		Debug|Any CPU = Debug|Any CPU
		Release|Any CPU = Release|Any CPU
	EndGlobalSection
	GlobalSection(ProjectConfigurationPlatforms) = postSolution
		{617DCAB9-2908-4BA8-8910-E98B96E7C84C}.Debug|Any CPU.ActiveCfg = Debug|Any CPU
		{617DCAB9-2908-4BA8-8910-E98B96E7C84C}.Debug|Any CPU.Build.0 = Debug|Any CPU
		{617DCAB9-2908-4BA8-8910-E98B96E7C84C}.Release|Any CPU.ActiveCfg = Release|Any CPU
		{617DCAB9-2908-4BA8-8910-E98B96E7C84C}.Release|Any CPU.Build.0 = Release|Any CPU
		{564C0950-F1CB-443E-9730-965D5D8BA02D}.Debug|Any CPU.ActiveCfg = Debug|Any CPU
		{564C0950-F1CB-443E-9730-965D5D8BA02D}.Debug|Any CPU.Build.0 = Debug|Any CPU
		{564C0950-F1CB-443E-9730-965D5D8BA02D}.Release|Any CPU.ActiveCfg = Release|Any CPU
		{564C0950-F1CB-443E-9730-965D5D8BA02D}.Release|Any CPU.Build.0 = Release|Any CPU
		{08580A85-EE40-4B1A-8545-48899603171C}.Debug|Any CPU.ActiveCfg = Debug|Any CPU
		{08580A85-EE40-4B1A-8545-48899603171C}.Debug|Any CPU.Build.0 = Debug|Any CPU
		{08580A85-EE40-4B1A-8545-48899603171C}.Release|Any CPU.ActiveCfg = Release|Any CPU
		{08580A85-EE40-4B1A-8545-48899603171C}.Release|Any CPU.Build.0 = Release|Any CPU
	EndGlobalSection
	GlobalSection(SolutionProperties) = preSolution
		HideSolutionNode = FALSE
	EndGlobalSection
	GlobalSection(ExtensibilityGlobals) = postSolution
		SolutionGuid = {B2BF18E4-5C04-4623-A334-E9A0BB0811A2}
	EndGlobalSection
EndGlobal
